
Microsoft Visual Studio Solution File, Format Version 12.00
# Visual Studio Version 17
VisualStudioVersion = 17.9.34701.34
MinimumVisualStudioVersion = 10.0.40219.1
Project("{9A19103F-16F7-4668-BE54-9A1E7A4F7556}") = "Core", "Core\Core.csproj", "{7B4FEA03-8161-466D-ACE6-A60499FCFFBB}"
EndProject
Global
	GlobalSection(SolutionConfigurationPlatforms) = preSolution
		Debug|Any CPU = Debug|Any CPU
		Release|Any CPU = Release|Any CPU
	EndGlobalSection
	GlobalSection(ProjectConfigurationPlatforms) = postSolution
		{7B4FEA03-8161-466D-ACE6-A60499FCFFBB}.Debug|Any CPU.ActiveCfg = Debug|Any CPU
		{7B4FEA03-8161-466D-ACE6-A60499FCFFBB}.Debug|Any CPU.Build.0 = Debug|Any CPU
		{7B4FEA03-8161-466D-ACE6-A60499FCFFBB}.Release|Any CPU.ActiveCfg = Release|Any CPU
		{7B4FEA03-8161-466D-ACE6-A60499FCFFBB}.Release|Any CPU.Build.0 = Release|Any CPU
	EndGlobalSection
	GlobalSection(SolutionProperties) = preSolution
		HideSolutionNode = FALSE
	EndGlobalSection
	GlobalSection(ExtensibilityGlobals) = postSolution
		SolutionGuid = {59BD38F6-757B-4012-AF6F-DC2ED9B903B3}
	EndGlobalSection
EndGlobal
